
Microsoft Visual Studio Solution File, Format Version 12.00
# Visual Studio 14
VisualStudioVersion = 14.0.25420.1
MinimumVisualStudioVersion = 10.0.40219.1
Project("{FAE04EC0-301F-11D3-BF4B-00C04F79EFBC}") = "MobileDevelopment", "MobileDevelopment\MobileDevelopment\MobileDevelopment.csproj", "{09D42697-3021-4C46-9257-93BFF7AE3F0E}"
EndProject
Project("{FAE04EC0-301F-11D3-BF4B-00C04F79EFBC}") = "MobileDevelopment.Droid", "MobileDevelopment\MobileDevelopment.Droid\MobileDevelopment.Droid.csproj", "{0363CAAC-5215-43DD-BEA4-AD27FA6B36E0}"
EndProject
Project("{FAE04EC0-301F-11D3-BF4B-00C04F79EFBC}") = "MobileDevelopment.iOS", "MobileDevelopment\MobileDevelopment.iOS\MobileDevelopment.iOS.csproj", "{495CD170-3138-4C1C-A3AE-7F8B88359F16}"
EndProject
Project("{FAE04EC0-301F-11D3-BF4B-00C04F79EFBC}") = "MobileDevelopment.WinPhone", "MobileDevelopment\MobileDevelopment.WinPhone\MobileDevelopment.WinPhone.csproj", "{95FE3704-2E94-425F-837D-154C086EB25F}"
EndProject
Project("{FAE04EC0-301F-11D3-BF4B-00C04F79EFBC}") = "MobileDevelopment.UWP", "MobileDevelopment\MobileDevelopment.UWP\MobileDevelopment.UWP.csproj", "{1FC3B336-A059-46DA-8BF6-8C02D7629191}"
EndProject
Project("{FAE04EC0-301F-11D3-BF4B-00C04F79EFBC}") = "MobileDevelopment.Windows", "MobileDevelopment\MobileDevelopment.Windows\MobileDevelopment.Windows.csproj", "{AD8FE483-2747-4847-9405-5D7C6F54BDA9}"
EndProject
Global
	GlobalSection(SolutionConfigurationPlatforms) = preSolution
		Ad-Hoc|Any CPU = Ad-Hoc|Any CPU
		Ad-Hoc|ARM = Ad-Hoc|ARM
		Ad-Hoc|iPhone = Ad-Hoc|iPhone
		Ad-Hoc|iPhoneSimulator = Ad-Hoc|iPhoneSimulator
		Ad-Hoc|x64 = Ad-Hoc|x64
		Ad-Hoc|x86 = Ad-Hoc|x86
		AppStore|Any CPU = AppStore|Any CPU
		AppStore|ARM = AppStore|ARM
		AppStore|iPhone = AppStore|iPhone
		AppStore|iPhoneSimulator = AppStore|iPhoneSimulator
		AppStore|x64 = AppStore|x64
		AppStore|x86 = AppStore|x86
		Debug|Any CPU = Debug|Any CPU
		Debug|ARM = Debug|ARM
		Debug|iPhone = Debug|iPhone
		Debug|iPhoneSimulator = Debug|iPhoneSimulator
		Debug|x64 = Debug|x64
		Debug|x86 = Debug|x86
		Release|Any CPU = Release|Any CPU
		Release|ARM = Release|ARM
		Release|iPhone = Release|iPhone
		Release|iPhoneSimulator = Release|iPhoneSimulator
		Release|x64 = Release|x64
		Release|x86 = Release|x86
	EndGlobalSection
	GlobalSection(ProjectConfigurationPlatforms) = postSolution
		{09D42697-3021-4C46-9257-93BFF7AE3F0E}.Ad-Hoc|Any CPU.ActiveCfg = Release|Any CPU
		{09D42697-3021-4C46-9257-93BFF7AE3F0E}.Ad-Hoc|Any CPU.Build.0 = Release|Any CPU
		{09D42697-3021-4C46-9257-93BFF7AE3F0E}.Ad-Hoc|ARM.ActiveCfg = Release|Any CPU
		{09D42697-3021-4C46-9257-93BFF7AE3F0E}.Ad-Hoc|ARM.Build.0 = Release|Any CPU
		{09D42697-3021-4C46-9257-93BFF7AE3F0E}.Ad-Hoc|iPhone.ActiveCfg = Release|Any CPU
		{09D42697-3021-4C46-9257-93BFF7AE3F0E}.Ad-Hoc|iPhone.Build.0 = Release|Any CPU
		{09D42697-3021-4C46-9257-93BFF7AE3F0E}.Ad-Hoc|iPhoneSimulator.ActiveCfg = Release|Any CPU
		{09D42697-3021-4C46-9257-93BFF7AE3F0E}.Ad-Hoc|iPhoneSimulator.Build.0 = Release|Any CPU
		{09D42697-3021-4C46-9257-93BFF7AE3F0E}.Ad-Hoc|x64.ActiveCfg = Release|Any CPU
		{09D42697-3021-4C46-9257-93BFF7AE3F0E}.Ad-Hoc|x64.Build.0 = Release|Any CPU
		{09D42697-3021-4C46-9257-93BFF7AE3F0E}.Ad-Hoc|x86.ActiveCfg = Release|Any CPU
		{09D42697-3021-4C46-9257-93BFF7AE3F0E}.Ad-Hoc|x86.Build.0 = Release|Any CPU
		{09D42697-3021-4C46-9257-93BFF7AE3F0E}.AppStore|Any CPU.ActiveCfg = Release|Any CPU
		{09D42697-3021-4C46-9257-93BFF7AE3F0E}.AppStore|Any CPU.Build.0 = Release|Any CPU
		{09D42697-3021-4C46-9257-93BFF7AE3F0E}.AppStore|ARM.ActiveCfg = Release|Any CPU
		{09D42697-3021-4C46-9257-93BFF7AE3F0E}.AppStore|ARM.Build.0 = Release|Any CPU
		{09D42697-3021-4C46-9257-93BFF7AE3F0E}.AppStore|iPhone.ActiveCfg = Release|Any CPU
		{09D42697-3021-4C46-9257-93BFF7AE3F0E}.AppStore|iPhone.Build.0 = Release|Any CPU
		{09D42697-3021-4C46-9257-93BFF7AE3F0E}.AppStore|iPhoneSimulator.ActiveCfg = Release|Any CPU
		{09D42697-3021-4C46-9257-93BFF7AE3F0E}.AppStore|iPhoneSimulator.Build.0 = Release|Any CPU
		{09D42697-3021-4C46-9257-93BFF7AE3F0E}.AppStore|x64.ActiveCfg = Release|Any CPU
		{09D42697-3021-4C46-9257-93BFF7AE3F0E}.AppStore|x64.Build.0 = Release|Any CPU
		{09D42697-3021-4C46-9257-93BFF7AE3F0E}.AppStore|x86.ActiveCfg = Release|Any CPU
		{09D42697-3021-4C46-9257-93BFF7AE3F0E}.AppStore|x86.Build.0 = Release|Any CPU
		{09D42697-3021-4C46-9257-93BFF7AE3F0E}.Debug|Any CPU.ActiveCfg = Debug|Any CPU
		{09D42697-3021-4C46-9257-93BFF7AE3F0E}.Debug|Any CPU.Build.0 = Debug|Any CPU
		{09D42697-3021-4C46-9257-93BFF7AE3F0E}.Debug|ARM.ActiveCfg = Debug|Any CPU
		{09D42697-3021-4C46-9257-93BFF7AE3F0E}.Debug|ARM.Build.0 = Debug|Any CPU
		{09D42697-3021-4C46-9257-93BFF7AE3F0E}.Debug|iPhone.ActiveCfg = Debug|Any CPU
		{09D42697-3021-4C46-9257-93BFF7AE3F0E}.Debug|iPhone.Build.0 = Debug|Any CPU
		{09D42697-3021-4C46-9257-93BFF7AE3F0E}.Debug|iPhoneSimulator.ActiveCfg = Debug|Any CPU
		{09D42697-3021-4C46-9257-93BFF7AE3F0E}.Debug|iPhoneSimulator.Build.0 = Debug|Any CPU
		{09D42697-3021-4C46-9257-93BFF7AE3F0E}.Debug|x64.ActiveCfg = Debug|Any CPU
		{09D42697-3021-4C46-9257-93BFF7AE3F0E}.Debug|x64.Build.0 = Debug|Any CPU
		{09D42697-3021-4C46-9257-93BFF7AE3F0E}.Debug|x86.ActiveCfg = Debug|Any CPU
		{09D42697-3021-4C46-9257-93BFF7AE3F0E}.Debug|x86.Build.0 = Debug|Any CPU
		{09D42697-3021-4C46-9257-93BFF7AE3F0E}.Release|Any CPU.ActiveCfg = Release|Any CPU
		{09D42697-3021-4C46-9257-93BFF7AE3F0E}.Release|Any CPU.Build.0 = Release|Any CPU
		{09D42697-3021-4C46-9257-93BFF7AE3F0E}.Release|ARM.ActiveCfg = Release|Any CPU
		{09D42697-3021-4C46-9257-93BFF7AE3F0E}.Release|ARM.Build.0 = Release|Any CPU
		{09D42697-3021-4C46-9257-93BFF7AE3F0E}.Release|iPhone.ActiveCfg = Release|Any CPU
		{09D42697-3021-4C46-9257-93BFF7AE3F0E}.Release|iPhone.Build.0 = Release|Any CPU
		{09D42697-3021-4C46-9257-93BFF7AE3F0E}.Release|iPhoneSimulator.ActiveCfg = Release|Any CPU
		{09D42697-3021-4C46-9257-93BFF7AE3F0E}.Release|iPhoneSimulator.Build.0 = Release|Any CPU
		{09D42697-3021-4C46-9257-93BFF7AE3F0E}.Release|x64.ActiveCfg = Release|Any CPU
		{09D42697-3021-4C46-9257-93BFF7AE3F0E}.Release|x64.Build.0 = Release|Any CPU
		{09D42697-3021-4C46-9257-93BFF7AE3F0E}.Release|x86.ActiveCfg = Release|Any CPU
		{09D42697-3021-4C46-9257-93BFF7AE3F0E}.Release|x86.Build.0 = Release|Any CPU
		{0363CAAC-5215-43DD-BEA4-AD27FA6B36E0}.Ad-Hoc|Any CPU.ActiveCfg = Release|Any CPU
		{0363CAAC-5215-43DD-BEA4-AD27FA6B36E0}.Ad-Hoc|Any CPU.Build.0 = Release|Any CPU
		{0363CAAC-5215-43DD-BEA4-AD27FA6B36E0}.Ad-Hoc|Any CPU.Deploy.0 = Release|Any CPU
		{0363CAAC-5215-43DD-BEA4-AD27FA6B36E0}.Ad-Hoc|ARM.ActiveCfg = Release|Any CPU
		{0363CAAC-5215-43DD-BEA4-AD27FA6B36E0}.Ad-Hoc|ARM.Build.0 = Release|Any CPU
		{0363CAAC-5215-43DD-BEA4-AD27FA6B36E0}.Ad-Hoc|ARM.Deploy.0 = Release|Any CPU
		{0363CAAC-5215-43DD-BEA4-AD27FA6B36E0}.Ad-Hoc|iPhone.ActiveCfg = Release|Any CPU
		{0363CAAC-5215-43DD-BEA4-AD27FA6B36E0}.Ad-Hoc|iPhone.Build.0 = Release|Any CPU
		{0363CAAC-5215-43DD-BEA4-AD27FA6B36E0}.Ad-Hoc|iPhone.Deploy.0 = Release|Any CPU
		{0363CAAC-5215-43DD-BEA4-AD27FA6B36E0}.Ad-Hoc|iPhoneSimulator.ActiveCfg = Release|Any CPU
		{0363CAAC-5215-43DD-BEA4-AD27FA6B36E0}.Ad-Hoc|iPhoneSimulator.Build.0 = Release|Any CPU
		{0363CAAC-5215-43DD-BEA4-AD27FA6B36E0}.Ad-Hoc|iPhoneSimulator.Deploy.0 = Release|Any CPU
		{0363CAAC-5215-43DD-BEA4-AD27FA6B36E0}.Ad-Hoc|x64.ActiveCfg = Release|Any CPU
		{0363CAAC-5215-43DD-BEA4-AD27FA6B36E0}.Ad-Hoc|x64.Build.0 = Release|Any CPU
		{0363CAAC-5215-43DD-BEA4-AD27FA6B36E0}.Ad-Hoc|x64.Deploy.0 = Release|Any CPU
		{0363CAAC-5215-43DD-BEA4-AD27FA6B36E0}.Ad-Hoc|x86.ActiveCfg = Release|Any CPU
		{0363CAAC-5215-43DD-BEA4-AD27FA6B36E0}.Ad-Hoc|x86.Build.0 = Release|Any CPU
		{0363CAAC-5215-43DD-BEA4-AD27FA6B36E0}.Ad-Hoc|x86.Deploy.0 = Release|Any CPU
		{0363CAAC-5215-43DD-BEA4-AD27FA6B36E0}.AppStore|Any CPU.ActiveCfg = Release|Any CPU
		{0363CAAC-5215-43DD-BEA4-AD27FA6B36E0}.AppStore|Any CPU.Build.0 = Release|Any CPU
		{0363CAAC-5215-43DD-BEA4-AD27FA6B36E0}.AppStore|Any CPU.Deploy.0 = Release|Any CPU
		{0363CAAC-5215-43DD-BEA4-AD27FA6B36E0}.AppStore|ARM.ActiveCfg = Release|Any CPU
		{0363CAAC-5215-43DD-BEA4-AD27FA6B36E0}.AppStore|ARM.Build.0 = Release|Any CPU
		{0363CAAC-5215-43DD-BEA4-AD27FA6B36E0}.AppStore|ARM.Deploy.0 = Release|Any CPU
		{0363CAAC-5215-43DD-BEA4-AD27FA6B36E0}.AppStore|iPhone.ActiveCfg = Release|Any CPU
		{0363CAAC-5215-43DD-BEA4-AD27FA6B36E0}.AppStore|iPhone.Build.0 = Release|Any CPU
		{0363CAAC-5215-43DD-BEA4-AD27FA6B36E0}.AppStore|iPhone.Deploy.0 = Release|Any CPU
		{0363CAAC-5215-43DD-BEA4-AD27FA6B36E0}.AppStore|iPhoneSimulator.ActiveCfg = Release|Any CPU
		{0363CAAC-5215-43DD-BEA4-AD27FA6B36E0}.AppStore|iPhoneSimulator.Build.0 = Release|Any CPU
		{0363CAAC-5215-43DD-BEA4-AD27FA6B36E0}.AppStore|iPhoneSimulator.Deploy.0 = Release|Any CPU
		{0363CAAC-5215-43DD-BEA4-AD27FA6B36E0}.AppStore|x64.ActiveCfg = Release|Any CPU
		{0363CAAC-5215-43DD-BEA4-AD27FA6B36E0}.AppStore|x64.Build.0 = Release|Any CPU
		{0363CAAC-5215-43DD-BEA4-AD27FA6B36E0}.AppStore|x64.Deploy.0 = Release|Any CPU
		{0363CAAC-5215-43DD-BEA4-AD27FA6B36E0}.AppStore|x86.ActiveCfg = Release|Any CPU
		{0363CAAC-5215-43DD-BEA4-AD27FA6B36E0}.AppStore|x86.Build.0 = Release|Any CPU
		{0363CAAC-5215-43DD-BEA4-AD27FA6B36E0}.AppStore|x86.Deploy.0 = Release|Any CPU
		{0363CAAC-5215-43DD-BEA4-AD27FA6B36E0}.Debug|Any CPU.ActiveCfg = Debug|Any CPU
		{0363CAAC-5215-43DD-BEA4-AD27FA6B36E0}.Debug|Any CPU.Build.0 = Debug|Any CPU
		{0363CAAC-5215-43DD-BEA4-AD27FA6B36E0}.Debug|Any CPU.Deploy.0 = Debug|Any CPU
		{0363CAAC-5215-43DD-BEA4-AD27FA6B36E0}.Debug|ARM.ActiveCfg = Debug|Any CPU
		{0363CAAC-5215-43DD-BEA4-AD27FA6B36E0}.Debug|ARM.Build.0 = Debug|Any CPU
		{0363CAAC-5215-43DD-BEA4-AD27FA6B36E0}.Debug|ARM.Deploy.0 = Debug|Any CPU
		{0363CAAC-5215-43DD-BEA4-AD27FA6B36E0}.Debug|iPhone.ActiveCfg = Debug|Any CPU
		{0363CAAC-5215-43DD-BEA4-AD27FA6B36E0}.Debug|iPhone.Build.0 = Debug|Any CPU
		{0363CAAC-5215-43DD-BEA4-AD27FA6B36E0}.Debug|iPhone.Deploy.0 = Debug|Any CPU
		{0363CAAC-5215-43DD-BEA4-AD27FA6B36E0}.Debug|iPhoneSimulator.ActiveCfg = Debug|Any CPU
		{0363CAAC-5215-43DD-BEA4-AD27FA6B36E0}.Debug|iPhoneSimulator.Build.0 = Debug|Any CPU
		{0363CAAC-5215-43DD-BEA4-AD27FA6B36E0}.Debug|iPhoneSimulator.Deploy.0 = Debug|Any CPU
		{0363CAAC-5215-43DD-BEA4-AD27FA6B36E0}.Debug|x64.ActiveCfg = Debug|Any CPU
		{0363CAAC-5215-43DD-BEA4-AD27FA6B36E0}.Debug|x64.Build.0 = Debug|Any CPU
		{0363CAAC-5215-43DD-BEA4-AD27FA6B36E0}.Debug|x64.Deploy.0 = Debug|Any CPU
		{0363CAAC-5215-43DD-BEA4-AD27FA6B36E0}.Debug|x86.ActiveCfg = Debug|Any CPU
		{0363CAAC-5215-43DD-BEA4-AD27FA6B36E0}.Debug|x86.Build.0 = Debug|Any CPU
		{0363CAAC-5215-43DD-BEA4-AD27FA6B36E0}.Debug|x86.Deploy.0 = Debug|Any CPU
		{0363CAAC-5215-43DD-BEA4-AD27FA6B36E0}.Release|Any CPU.ActiveCfg = Release|Any CPU
		{0363CAAC-5215-43DD-BEA4-AD27FA6B36E0}.Release|Any CPU.Build.0 = Release|Any CPU
		{0363CAAC-5215-43DD-BEA4-AD27FA6B36E0}.Release|Any CPU.Deploy.0 = Release|Any CPU
		{0363CAAC-5215-43DD-BEA4-AD27FA6B36E0}.Release|ARM.ActiveCfg = Release|Any CPU
		{0363CAAC-5215-43DD-BEA4-AD27FA6B36E0}.Release|ARM.Build.0 = Release|Any CPU
		{0363CAAC-5215-43DD-BEA4-AD27FA6B36E0}.Release|ARM.Deploy.0 = Release|Any CPU
		{0363CAAC-5215-43DD-BEA4-AD27FA6B36E0}.Release|iPhone.ActiveCfg = Release|Any CPU
		{0363CAAC-5215-43DD-BEA4-AD27FA6B36E0}.Release|iPhone.Build.0 = Release|Any CPU
		{0363CAAC-5215-43DD-BEA4-AD27FA6B36E0}.Release|iPhone.Deploy.0 = Release|Any CPU
		{0363CAAC-5215-43DD-BEA4-AD27FA6B36E0}.Release|iPhoneSimulator.ActiveCfg = Release|Any CPU
		{0363CAAC-5215-43DD-BEA4-AD27FA6B36E0}.Release|iPhoneSimulator.Build.0 = Release|Any CPU
		{0363CAAC-5215-43DD-BEA4-AD27FA6B36E0}.Release|iPhoneSimulator.Deploy.0 = Release|Any CPU
		{0363CAAC-5215-43DD-BEA4-AD27FA6B36E0}.Release|x64.ActiveCfg = Release|Any CPU
		{0363CAAC-5215-43DD-BEA4-AD27FA6B36E0}.Release|x64.Build.0 = Release|Any CPU
		{0363CAAC-5215-43DD-BEA4-AD27FA6B36E0}.Release|x64.Deploy.0 = Release|Any CPU
		{0363CAAC-5215-43DD-BEA4-AD27FA6B36E0}.Release|x86.ActiveCfg = Release|Any CPU
		{0363CAAC-5215-43DD-BEA4-AD27FA6B36E0}.Release|x86.Build.0 = Release|Any CPU
		{0363CAAC-5215-43DD-BEA4-AD27FA6B36E0}.Release|x86.Deploy.0 = Release|Any CPU
		{495CD170-3138-4C1C-A3AE-7F8B88359F16}.Ad-Hoc|Any CPU.ActiveCfg = Ad-Hoc|iPhone
		{495CD170-3138-4C1C-A3AE-7F8B88359F16}.Ad-Hoc|ARM.ActiveCfg = Ad-Hoc|iPhone
		{495CD170-3138-4C1C-A3AE-7F8B88359F16}.Ad-Hoc|iPhone.ActiveCfg = Ad-Hoc|iPhone
		{495CD170-3138-4C1C-A3AE-7F8B88359F16}.Ad-Hoc|iPhone.Build.0 = Ad-Hoc|iPhone
		{495CD170-3138-4C1C-A3AE-7F8B88359F16}.Ad-Hoc|iPhoneSimulator.ActiveCfg = Ad-Hoc|iPhoneSimulator
		{495CD170-3138-4C1C-A3AE-7F8B88359F16}.Ad-Hoc|iPhoneSimulator.Build.0 = Ad-Hoc|iPhoneSimulator
		{495CD170-3138-4C1C-A3AE-7F8B88359F16}.Ad-Hoc|x64.ActiveCfg = Ad-Hoc|iPhone
		{495CD170-3138-4C1C-A3AE-7F8B88359F16}.Ad-Hoc|x86.ActiveCfg = Ad-Hoc|iPhone
		{495CD170-3138-4C1C-A3AE-7F8B88359F16}.AppStore|Any CPU.ActiveCfg = AppStore|iPhone
		{495CD170-3138-4C1C-A3AE-7F8B88359F16}.AppStore|ARM.ActiveCfg = AppStore|iPhone
		{495CD170-3138-4C1C-A3AE-7F8B88359F16}.AppStore|iPhone.ActiveCfg = AppStore|iPhone
		{495CD170-3138-4C1C-A3AE-7F8B88359F16}.AppStore|iPhone.Build.0 = AppStore|iPhone
		{495CD170-3138-4C1C-A3AE-7F8B88359F16}.AppStore|iPhoneSimulator.ActiveCfg = AppStore|iPhoneSimulator
		{495CD170-3138-4C1C-A3AE-7F8B88359F16}.AppStore|iPhoneSimulator.Build.0 = AppStore|iPhoneSimulator
		{495CD170-3138-4C1C-A3AE-7F8B88359F16}.AppStore|x64.ActiveCfg = AppStore|iPhone
		{495CD170-3138-4C1C-A3AE-7F8B88359F16}.AppStore|x86.ActiveCfg = AppStore|iPhone
		{495CD170-3138-4C1C-A3AE-7F8B88359F16}.Debug|Any CPU.ActiveCfg = Debug|iPhone
		{495CD170-3138-4C1C-A3AE-7F8B88359F16}.Debug|ARM.ActiveCfg = Debug|iPhone
		{495CD170-3138-4C1C-A3AE-7F8B88359F16}.Debug|iPhone.ActiveCfg = Debug|iPhone
		{495CD170-3138-4C1C-A3AE-7F8B88359F16}.Debug|iPhone.Build.0 = Debug|iPhone
		{495CD170-3138-4C1C-A3AE-7F8B88359F16}.Debug|iPhoneSimulator.ActiveCfg = Debug|iPhoneSimulator
		{495CD170-3138-4C1C-A3AE-7F8B88359F16}.Debug|iPhoneSimulator.Build.0 = Debug|iPhoneSimulator
		{495CD170-3138-4C1C-A3AE-7F8B88359F16}.Debug|x64.ActiveCfg = Debug|iPhone
		{495CD170-3138-4C1C-A3AE-7F8B88359F16}.Debug|x86.ActiveCfg = Debug|iPhone
		{495CD170-3138-4C1C-A3AE-7F8B88359F16}.Release|Any CPU.ActiveCfg = Release|iPhone
		{495CD170-3138-4C1C-A3AE-7F8B88359F16}.Release|ARM.ActiveCfg = Release|iPhone
		{495CD170-3138-4C1C-A3AE-7F8B88359F16}.Release|iPhone.ActiveCfg = Release|iPhone
		{495CD170-3138-4C1C-A3AE-7F8B88359F16}.Release|iPhone.Build.0 = Release|iPhone
		{495CD170-3138-4C1C-A3AE-7F8B88359F16}.Release|iPhoneSimulator.ActiveCfg = Release|iPhoneSimulator
		{495CD170-3138-4C1C-A3AE-7F8B88359F16}.Release|iPhoneSimulator.Build.0 = Release|iPhoneSimulator
		{495CD170-3138-4C1C-A3AE-7F8B88359F16}.Release|x64.ActiveCfg = Release|iPhone
		{495CD170-3138-4C1C-A3AE-7F8B88359F16}.Release|x86.ActiveCfg = Release|iPhone
		{95FE3704-2E94-425F-837D-154C086EB25F}.Ad-Hoc|Any CPU.ActiveCfg = Release|Any CPU
		{95FE3704-2E94-425F-837D-154C086EB25F}.Ad-Hoc|Any CPU.Build.0 = Release|Any CPU
		{95FE3704-2E94-425F-837D-154C086EB25F}.Ad-Hoc|Any CPU.Deploy.0 = Release|Any CPU
		{95FE3704-2E94-425F-837D-154C086EB25F}.Ad-Hoc|ARM.ActiveCfg = Release|ARM
		{95FE3704-2E94-425F-837D-154C086EB25F}.Ad-Hoc|ARM.Build.0 = Release|ARM
		{95FE3704-2E94-425F-837D-154C086EB25F}.Ad-Hoc|ARM.Deploy.0 = Release|ARM
		{95FE3704-2E94-425F-837D-154C086EB25F}.Ad-Hoc|iPhone.ActiveCfg = Release|Any CPU
		{95FE3704-2E94-425F-837D-154C086EB25F}.Ad-Hoc|iPhone.Build.0 = Release|Any CPU
		{95FE3704-2E94-425F-837D-154C086EB25F}.Ad-Hoc|iPhone.Deploy.0 = Release|Any CPU
		{95FE3704-2E94-425F-837D-154C086EB25F}.Ad-Hoc|iPhoneSimulator.ActiveCfg = Release|Any CPU
		{95FE3704-2E94-425F-837D-154C086EB25F}.Ad-Hoc|iPhoneSimulator.Build.0 = Release|Any CPU
		{95FE3704-2E94-425F-837D-154C086EB25F}.Ad-Hoc|iPhoneSimulator.Deploy.0 = Release|Any CPU
		{95FE3704-2E94-425F-837D-154C086EB25F}.Ad-Hoc|x64.ActiveCfg = Release|Any CPU
		{95FE3704-2E94-425F-837D-154C086EB25F}.Ad-Hoc|x64.Build.0 = Release|Any CPU
		{95FE3704-2E94-425F-837D-154C086EB25F}.Ad-Hoc|x64.Deploy.0 = Release|Any CPU
		{95FE3704-2E94-425F-837D-154C086EB25F}.Ad-Hoc|x86.ActiveCfg = Release|x86
		{95FE3704-2E94-425F-837D-154C086EB25F}.Ad-Hoc|x86.Build.0 = Release|x86
		{95FE3704-2E94-425F-837D-154C086EB25F}.Ad-Hoc|x86.Deploy.0 = Release|x86
		{95FE3704-2E94-425F-837D-154C086EB25F}.AppStore|Any CPU.ActiveCfg = Release|Any CPU
		{95FE3704-2E94-425F-837D-154C086EB25F}.AppStore|Any CPU.Build.0 = Release|Any CPU
		{95FE3704-2E94-425F-837D-154C086EB25F}.AppStore|Any CPU.Deploy.0 = Release|Any CPU
		{95FE3704-2E94-425F-837D-154C086EB25F}.AppStore|ARM.ActiveCfg = Release|ARM
		{95FE3704-2E94-425F-837D-154C086EB25F}.AppStore|ARM.Build.0 = Release|ARM
		{95FE3704-2E94-425F-837D-154C086EB25F}.AppStore|ARM.Deploy.0 = Release|ARM
		{95FE3704-2E94-425F-837D-154C086EB25F}.AppStore|iPhone.ActiveCfg = Release|Any CPU
		{95FE3704-2E94-425F-837D-154C086EB25F}.AppStore|iPhone.Build.0 = Release|Any CPU
		{95FE3704-2E94-425F-837D-154C086EB25F}.AppStore|iPhone.Deploy.0 = Release|Any CPU
		{95FE3704-2E94-425F-837D-154C086EB25F}.AppStore|iPhoneSimulator.ActiveCfg = Release|Any CPU
		{95FE3704-2E94-425F-837D-154C086EB25F}.AppStore|iPhoneSimulator.Build.0 = Release|Any CPU
		{95FE3704-2E94-425F-837D-154C086EB25F}.AppStore|iPhoneSimulator.Deploy.0 = Release|Any CPU
		{95FE3704-2E94-425F-837D-154C086EB25F}.AppStore|x64.ActiveCfg = Release|Any CPU
		{95FE3704-2E94-425F-837D-154C086EB25F}.AppStore|x64.Build.0 = Release|Any CPU
		{95FE3704-2E94-425F-837D-154C086EB25F}.AppStore|x64.Deploy.0 = Release|Any CPU
		{95FE3704-2E94-425F-837D-154C086EB25F}.AppStore|x86.ActiveCfg = Release|x86
		{95FE3704-2E94-425F-837D-154C086EB25F}.AppStore|x86.Build.0 = Release|x86
		{95FE3704-2E94-425F-837D-154C086EB25F}.AppStore|x86.Deploy.0 = Release|x86
		{95FE3704-2E94-425F-837D-154C086EB25F}.Debug|Any CPU.ActiveCfg = Debug|Any CPU
		{95FE3704-2E94-425F-837D-154C086EB25F}.Debug|Any CPU.Build.0 = Debug|Any CPU
		{95FE3704-2E94-425F-837D-154C086EB25F}.Debug|Any CPU.Deploy.0 = Debug|Any CPU
		{95FE3704-2E94-425F-837D-154C086EB25F}.Debug|ARM.ActiveCfg = Debug|ARM
		{95FE3704-2E94-425F-837D-154C086EB25F}.Debug|ARM.Build.0 = Debug|ARM
		{95FE3704-2E94-425F-837D-154C086EB25F}.Debug|ARM.Deploy.0 = Debug|ARM
		{95FE3704-2E94-425F-837D-154C086EB25F}.Debug|iPhone.ActiveCfg = Debug|Any CPU
		{95FE3704-2E94-425F-837D-154C086EB25F}.Debug|iPhone.Build.0 = Debug|Any CPU
		{95FE3704-2E94-425F-837D-154C086EB25F}.Debug|iPhone.Deploy.0 = Debug|Any CPU
		{95FE3704-2E94-425F-837D-154C086EB25F}.Debug|iPhoneSimulator.ActiveCfg = Debug|Any CPU
		{95FE3704-2E94-425F-837D-154C086EB25F}.Debug|iPhoneSimulator.Build.0 = Debug|Any CPU
		{95FE3704-2E94-425F-837D-154C086EB25F}.Debug|iPhoneSimulator.Deploy.0 = Debug|Any CPU
		{95FE3704-2E94-425F-837D-154C086EB25F}.Debug|x64.ActiveCfg = Debug|Any CPU
		{95FE3704-2E94-425F-837D-154C086EB25F}.Debug|x64.Build.0 = Debug|Any CPU
		{95FE3704-2E94-425F-837D-154C086EB25F}.Debug|x64.Deploy.0 = Debug|Any CPU
		{95FE3704-2E94-425F-837D-154C086EB25F}.Debug|x86.ActiveCfg = Debug|x86
		{95FE3704-2E94-425F-837D-154C086EB25F}.Debug|x86.Build.0 = Debug|x86
		{95FE3704-2E94-425F-837D-154C086EB25F}.Debug|x86.Deploy.0 = Debug|x86
		{95FE3704-2E94-425F-837D-154C086EB25F}.Release|Any CPU.ActiveCfg = Release|Any CPU
		{95FE3704-2E94-425F-837D-154C086EB25F}.Release|Any CPU.Build.0 = Release|Any CPU
		{95FE3704-2E94-425F-837D-154C086EB25F}.Release|Any CPU.Deploy.0 = Release|Any CPU
		{95FE3704-2E94-425F-837D-154C086EB25F}.Release|ARM.ActiveCfg = Release|ARM
		{95FE3704-2E94-425F-837D-154C086EB25F}.Release|ARM.Build.0 = Release|ARM
		{95FE3704-2E94-425F-837D-154C086EB25F}.Release|ARM.Deploy.0 = Release|ARM
		{95FE3704-2E94-425F-837D-154C086EB25F}.Release|iPhone.ActiveCfg = Release|Any CPU
		{95FE3704-2E94-425F-837D-154C086EB25F}.Release|iPhone.Build.0 = Release|Any CPU
		{95FE3704-2E94-425F-837D-154C086EB25F}.Release|iPhone.Deploy.0 = Release|Any CPU
		{95FE3704-2E94-425F-837D-154C086EB25F}.Release|iPhoneSimulator.ActiveCfg = Release|Any CPU
		{95FE3704-2E94-425F-837D-154C086EB25F}.Release|iPhoneSimulator.Build.0 = Release|Any CPU
		{95FE3704-2E94-425F-837D-154C086EB25F}.Release|iPhoneSimulator.Deploy.0 = Release|Any CPU
		{95FE3704-2E94-425F-837D-154C086EB25F}.Release|x64.ActiveCfg = Release|Any CPU
		{95FE3704-2E94-425F-837D-154C086EB25F}.Release|x64.Build.0 = Release|Any CPU
		{95FE3704-2E94-425F-837D-154C086EB25F}.Release|x64.Deploy.0 = Release|Any CPU
		{95FE3704-2E94-425F-837D-154C086EB25F}.Release|x86.ActiveCfg = Release|x86
		{95FE3704-2E94-425F-837D-154C086EB25F}.Release|x86.Build.0 = Release|x86
		{95FE3704-2E94-425F-837D-154C086EB25F}.Release|x86.Deploy.0 = Release|x86
		{1FC3B336-A059-46DA-8BF6-8C02D7629191}.Ad-Hoc|Any CPU.ActiveCfg = Release|x86
		{1FC3B336-A059-46DA-8BF6-8C02D7629191}.Ad-Hoc|Any CPU.Build.0 = Release|x86
		{1FC3B336-A059-46DA-8BF6-8C02D7629191}.Ad-Hoc|Any CPU.Deploy.0 = Release|x86
		{1FC3B336-A059-46DA-8BF6-8C02D7629191}.Ad-Hoc|ARM.ActiveCfg = Release|ARM
		{1FC3B336-A059-46DA-8BF6-8C02D7629191}.Ad-Hoc|ARM.Build.0 = Release|ARM
		{1FC3B336-A059-46DA-8BF6-8C02D7629191}.Ad-Hoc|ARM.Deploy.0 = Release|ARM
		{1FC3B336-A059-46DA-8BF6-8C02D7629191}.Ad-Hoc|iPhone.ActiveCfg = Release|x86
		{1FC3B336-A059-46DA-8BF6-8C02D7629191}.Ad-Hoc|iPhone.Build.0 = Release|x86
		{1FC3B336-A059-46DA-8BF6-8C02D7629191}.Ad-Hoc|iPhone.Deploy.0 = Release|x86
		{1FC3B336-A059-46DA-8BF6-8C02D7629191}.Ad-Hoc|iPhoneSimulator.ActiveCfg = Release|x86
		{1FC3B336-A059-46DA-8BF6-8C02D7629191}.Ad-Hoc|iPhoneSimulator.Build.0 = Release|x86
		{1FC3B336-A059-46DA-8BF6-8C02D7629191}.Ad-Hoc|iPhoneSimulator.Deploy.0 = Release|x86
		{1FC3B336-A059-46DA-8BF6-8C02D7629191}.Ad-Hoc|x64.ActiveCfg = Release|x64
		{1FC3B336-A059-46DA-8BF6-8C02D7629191}.Ad-Hoc|x64.Build.0 = Release|x64
		{1FC3B336-A059-46DA-8BF6-8C02D7629191}.Ad-Hoc|x64.Deploy.0 = Release|x64
		{1FC3B336-A059-46DA-8BF6-8C02D7629191}.Ad-Hoc|x86.ActiveCfg = Release|x86
		{1FC3B336-A059-46DA-8BF6-8C02D7629191}.Ad-Hoc|x86.Build.0 = Release|x86
		{1FC3B336-A059-46DA-8BF6-8C02D7629191}.Ad-Hoc|x86.Deploy.0 = Release|x86
		{1FC3B336-A059-46DA-8BF6-8C02D7629191}.AppStore|Any CPU.ActiveCfg = Release|x86
		{1FC3B336-A059-46DA-8BF6-8C02D7629191}.AppStore|Any CPU.Build.0 = Release|x86
		{1FC3B336-A059-46DA-8BF6-8C02D7629191}.AppStore|Any CPU.Deploy.0 = Release|x86
		{1FC3B336-A059-46DA-8BF6-8C02D7629191}.AppStore|ARM.ActiveCfg = Release|ARM
		{1FC3B336-A059-46DA-8BF6-8C02D7629191}.AppStore|ARM.Build.0 = Release|ARM
		{1FC3B336-A059-46DA-8BF6-8C02D7629191}.AppStore|ARM.Deploy.0 = Release|ARM
		{1FC3B336-A059-46DA-8BF6-8C02D7629191}.AppStore|iPhone.ActiveCfg = Release|x86
		{1FC3B336-A059-46DA-8BF6-8C02D7629191}.AppStore|iPhone.Build.0 = Release|x86
		{1FC3B336-A059-46DA-8BF6-8C02D7629191}.AppStore|iPhone.Deploy.0 = Release|x86
		{1FC3B336-A059-46DA-8BF6-8C02D7629191}.AppStore|iPhoneSimulator.ActiveCfg = Release|x86
		{1FC3B336-A059-46DA-8BF6-8C02D7629191}.AppStore|iPhoneSimulator.Build.0 = Release|x86
		{1FC3B336-A059-46DA-8BF6-8C02D7629191}.AppStore|iPhoneSimulator.Deploy.0 = Release|x86
		{1FC3B336-A059-46DA-8BF6-8C02D7629191}.AppStore|x64.ActiveCfg = Release|x64
		{1FC3B336-A059-46DA-8BF6-8C02D7629191}.AppStore|x64.Build.0 = Release|x64
		{1FC3B336-A059-46DA-8BF6-8C02D7629191}.AppStore|x64.Deploy.0 = Release|x64
		{1FC3B336-A059-46DA-8BF6-8C02D7629191}.AppStore|x86.ActiveCfg = Release|x86
		{1FC3B336-A059-46DA-8BF6-8C02D7629191}.AppStore|x86.Build.0 = Release|x86
		{1FC3B336-A059-46DA-8BF6-8C02D7629191}.AppStore|x86.Deploy.0 = Release|x86
		{1FC3B336-A059-46DA-8BF6-8C02D7629191}.Debug|Any CPU.ActiveCfg = Debug|x86
		{1FC3B336-A059-46DA-8BF6-8C02D7629191}.Debug|ARM.ActiveCfg = Debug|ARM
		{1FC3B336-A059-46DA-8BF6-8C02D7629191}.Debug|ARM.Build.0 = Debug|ARM
		{1FC3B336-A059-46DA-8BF6-8C02D7629191}.Debug|ARM.Deploy.0 = Debug|ARM
		{1FC3B336-A059-46DA-8BF6-8C02D7629191}.Debug|iPhone.ActiveCfg = Debug|x86
		{1FC3B336-A059-46DA-8BF6-8C02D7629191}.Debug|iPhoneSimulator.ActiveCfg = Debug|x86
		{1FC3B336-A059-46DA-8BF6-8C02D7629191}.Debug|x64.ActiveCfg = Debug|x64
		{1FC3B336-A059-46DA-8BF6-8C02D7629191}.Debug|x64.Build.0 = Debug|x64
		{1FC3B336-A059-46DA-8BF6-8C02D7629191}.Debug|x64.Deploy.0 = Debug|x64
		{1FC3B336-A059-46DA-8BF6-8C02D7629191}.Debug|x86.ActiveCfg = Debug|x86
		{1FC3B336-A059-46DA-8BF6-8C02D7629191}.Debug|x86.Build.0 = Debug|x86
		{1FC3B336-A059-46DA-8BF6-8C02D7629191}.Debug|x86.Deploy.0 = Debug|x86
		{1FC3B336-A059-46DA-8BF6-8C02D7629191}.Release|Any CPU.ActiveCfg = Release|x86
		{1FC3B336-A059-46DA-8BF6-8C02D7629191}.Release|ARM.ActiveCfg = Release|ARM
		{1FC3B336-A059-46DA-8BF6-8C02D7629191}.Release|ARM.Build.0 = Release|ARM
		{1FC3B336-A059-46DA-8BF6-8C02D7629191}.Release|ARM.Deploy.0 = Release|ARM
		{1FC3B336-A059-46DA-8BF6-8C02D7629191}.Release|iPhone.ActiveCfg = Release|x86
		{1FC3B336-A059-46DA-8BF6-8C02D7629191}.Release|iPhoneSimulator.ActiveCfg = Release|x86
		{1FC3B336-A059-46DA-8BF6-8C02D7629191}.Release|x64.ActiveCfg = Release|x64
		{1FC3B336-A059-46DA-8BF6-8C02D7629191}.Release|x64.Build.0 = Release|x64
		{1FC3B336-A059-46DA-8BF6-8C02D7629191}.Release|x64.Deploy.0 = Release|x64
		{1FC3B336-A059-46DA-8BF6-8C02D7629191}.Release|x86.ActiveCfg = Release|x86
		{1FC3B336-A059-46DA-8BF6-8C02D7629191}.Release|x86.Build.0 = Release|x86
		{1FC3B336-A059-46DA-8BF6-8C02D7629191}.Release|x86.Deploy.0 = Release|x86
		{AD8FE483-2747-4847-9405-5D7C6F54BDA9}.Ad-Hoc|Any CPU.ActiveCfg = Release|Any CPU
		{AD8FE483-2747-4847-9405-5D7C6F54BDA9}.Ad-Hoc|Any CPU.Build.0 = Release|Any CPU
		{AD8FE483-2747-4847-9405-5D7C6F54BDA9}.Ad-Hoc|Any CPU.Deploy.0 = Release|Any CPU
		{AD8FE483-2747-4847-9405-5D7C6F54BDA9}.Ad-Hoc|ARM.ActiveCfg = Release|ARM
		{AD8FE483-2747-4847-9405-5D7C6F54BDA9}.Ad-Hoc|ARM.Build.0 = Release|ARM
		{AD8FE483-2747-4847-9405-5D7C6F54BDA9}.Ad-Hoc|ARM.Deploy.0 = Release|ARM
		{AD8FE483-2747-4847-9405-5D7C6F54BDA9}.Ad-Hoc|iPhone.ActiveCfg = Release|Any CPU
		{AD8FE483-2747-4847-9405-5D7C6F54BDA9}.Ad-Hoc|iPhone.Build.0 = Release|Any CPU
		{AD8FE483-2747-4847-9405-5D7C6F54BDA9}.Ad-Hoc|iPhone.Deploy.0 = Release|Any CPU
		{AD8FE483-2747-4847-9405-5D7C6F54BDA9}.Ad-Hoc|iPhoneSimulator.ActiveCfg = Release|Any CPU
		{AD8FE483-2747-4847-9405-5D7C6F54BDA9}.Ad-Hoc|iPhoneSimulator.Build.0 = Release|Any CPU
		{AD8FE483-2747-4847-9405-5D7C6F54BDA9}.Ad-Hoc|iPhoneSimulator.Deploy.0 = Release|Any CPU
		{AD8FE483-2747-4847-9405-5D7C6F54BDA9}.Ad-Hoc|x64.ActiveCfg = Release|x64
		{AD8FE483-2747-4847-9405-5D7C6F54BDA9}.Ad-Hoc|x64.Build.0 = Release|x64
		{AD8FE483-2747-4847-9405-5D7C6F54BDA9}.Ad-Hoc|x64.Deploy.0 = Release|x64
		{AD8FE483-2747-4847-9405-5D7C6F54BDA9}.Ad-Hoc|x86.ActiveCfg = Release|x86
		{AD8FE483-2747-4847-9405-5D7C6F54BDA9}.Ad-Hoc|x86.Build.0 = Release|x86
		{AD8FE483-2747-4847-9405-5D7C6F54BDA9}.Ad-Hoc|x86.Deploy.0 = Release|x86
		{AD8FE483-2747-4847-9405-5D7C6F54BDA9}.AppStore|Any CPU.ActiveCfg = Release|Any CPU
		{AD8FE483-2747-4847-9405-5D7C6F54BDA9}.AppStore|Any CPU.Build.0 = Release|Any CPU
		{AD8FE483-2747-4847-9405-5D7C6F54BDA9}.AppStore|Any CPU.Deploy.0 = Release|Any CPU
		{AD8FE483-2747-4847-9405-5D7C6F54BDA9}.AppStore|ARM.ActiveCfg = Release|ARM
		{AD8FE483-2747-4847-9405-5D7C6F54BDA9}.AppStore|ARM.Build.0 = Release|ARM
		{AD8FE483-2747-4847-9405-5D7C6F54BDA9}.AppStore|ARM.Deploy.0 = Release|ARM
		{AD8FE483-2747-4847-9405-5D7C6F54BDA9}.AppStore|iPhone.ActiveCfg = Release|Any CPU
		{AD8FE483-2747-4847-9405-5D7C6F54BDA9}.AppStore|iPhone.Build.0 = Release|Any CPU
		{AD8FE483-2747-4847-9405-5D7C6F54BDA9}.AppStore|iPhone.Deploy.0 = Release|Any CPU
		{AD8FE483-2747-4847-9405-5D7C6F54BDA9}.AppStore|iPhoneSimulator.ActiveCfg = Release|Any CPU
		{AD8FE483-2747-4847-9405-5D7C6F54BDA9}.AppStore|iPhoneSimulator.Build.0 = Release|Any CPU
		{AD8FE483-2747-4847-9405-5D7C6F54BDA9}.AppStore|iPhoneSimulator.Deploy.0 = Release|Any CPU
		{AD8FE483-2747-4847-9405-5D7C6F54BDA9}.AppStore|x64.ActiveCfg = Release|x64
		{AD8FE483-2747-4847-9405-5D7C6F54BDA9}.AppStore|x64.Build.0 = Release|x64
		{AD8FE483-2747-4847-9405-5D7C6F54BDA9}.AppStore|x64.Deploy.0 = Release|x64
		{AD8FE483-2747-4847-9405-5D7C6F54BDA9}.AppStore|x86.ActiveCfg = Release|x86
		{AD8FE483-2747-4847-9405-5D7C6F54BDA9}.AppStore|x86.Build.0 = Release|x86
		{AD8FE483-2747-4847-9405-5D7C6F54BDA9}.AppStore|x86.Deploy.0 = Release|x86
		{AD8FE483-2747-4847-9405-5D7C6F54BDA9}.Debug|Any CPU.ActiveCfg = Debug|Any CPU
		{AD8FE483-2747-4847-9405-5D7C6F54BDA9}.Debug|Any CPU.Build.0 = Debug|Any CPU
		{AD8FE483-2747-4847-9405-5D7C6F54BDA9}.Debug|Any CPU.Deploy.0 = Debug|Any CPU
		{AD8FE483-2747-4847-9405-5D7C6F54BDA9}.Debug|ARM.ActiveCfg = Debug|ARM
		{AD8FE483-2747-4847-9405-5D7C6F54BDA9}.Debug|ARM.Build.0 = Debug|ARM
		{AD8FE483-2747-4847-9405-5D7C6F54BDA9}.Debug|ARM.Deploy.0 = Debug|ARM
		{AD8FE483-2747-4847-9405-5D7C6F54BDA9}.Debug|iPhone.ActiveCfg = Debug|Any CPU
		{AD8FE483-2747-4847-9405-5D7C6F54BDA9}.Debug|iPhone.Build.0 = Debug|Any CPU
		{AD8FE483-2747-4847-9405-5D7C6F54BDA9}.Debug|iPhone.Deploy.0 = Debug|Any CPU
		{AD8FE483-2747-4847-9405-5D7C6F54BDA9}.Debug|iPhoneSimulator.ActiveCfg = Debug|Any CPU
		{AD8FE483-2747-4847-9405-5D7C6F54BDA9}.Debug|iPhoneSimulator.Build.0 = Debug|Any CPU
		{AD8FE483-2747-4847-9405-5D7C6F54BDA9}.Debug|iPhoneSimulator.Deploy.0 = Debug|Any CPU
		{AD8FE483-2747-4847-9405-5D7C6F54BDA9}.Debug|x64.ActiveCfg = Debug|x64
		{AD8FE483-2747-4847-9405-5D7C6F54BDA9}.Debug|x64.Build.0 = Debug|x64
		{AD8FE483-2747-4847-9405-5D7C6F54BDA9}.Debug|x64.Deploy.0 = Debug|x64
		{AD8FE483-2747-4847-9405-5D7C6F54BDA9}.Debug|x86.ActiveCfg = Debug|x86
		{AD8FE483-2747-4847-9405-5D7C6F54BDA9}.Debug|x86.Build.0 = Debug|x86
		{AD8FE483-2747-4847-9405-5D7C6F54BDA9}.Debug|x86.Deploy.0 = Debug|x86
		{AD8FE483-2747-4847-9405-5D7C6F54BDA9}.Release|Any CPU.ActiveCfg = Release|Any CPU
		{AD8FE483-2747-4847-9405-5D7C6F54BDA9}.Release|Any CPU.Build.0 = Release|Any CPU
		{AD8FE483-2747-4847-9405-5D7C6F54BDA9}.Release|Any CPU.Deploy.0 = Release|Any CPU
		{AD8FE483-2747-4847-9405-5D7C6F54BDA9}.Release|ARM.ActiveCfg = Release|ARM
		{AD8FE483-2747-4847-9405-5D7C6F54BDA9}.Release|ARM.Build.0 = Release|ARM
		{AD8FE483-2747-4847-9405-5D7C6F54BDA9}.Release|ARM.Deploy.0 = Release|ARM
		{AD8FE483-2747-4847-9405-5D7C6F54BDA9}.Release|iPhone.ActiveCfg = Release|Any CPU
		{AD8FE483-2747-4847-9405-5D7C6F54BDA9}.Release|iPhone.Build.0 = Release|Any CPU
		{AD8FE483-2747-4847-9405-5D7C6F54BDA9}.Release|iPhone.Deploy.0 = Release|Any CPU
		{AD8FE483-2747-4847-9405-5D7C6F54BDA9}.Release|iPhoneSimulator.ActiveCfg = Release|Any CPU
		{AD8FE483-2747-4847-9405-5D7C6F54BDA9}.Release|iPhoneSimulator.Build.0 = Release|Any CPU
		{AD8FE483-2747-4847-9405-5D7C6F54BDA9}.Release|iPhoneSimulator.Deploy.0 = Release|Any CPU
		{AD8FE483-2747-4847-9405-5D7C6F54BDA9}.Release|x64.ActiveCfg = Release|x64
		{AD8FE483-2747-4847-9405-5D7C6F54BDA9}.Release|x64.Build.0 = Release|x64
		{AD8FE483-2747-4847-9405-5D7C6F54BDA9}.Release|x64.Deploy.0 = Release|x64
		{AD8FE483-2747-4847-9405-5D7C6F54BDA9}.Release|x86.ActiveCfg = Release|x86
		{AD8FE483-2747-4847-9405-5D7C6F54BDA9}.Release|x86.Build.0 = Release|x86
		{AD8FE483-2747-4847-9405-5D7C6F54BDA9}.Release|x86.Deploy.0 = Release|x86
	EndGlobalSection
	GlobalSection(SolutionProperties) = preSolution
		HideSolutionNode = FALSE
	EndGlobalSection
EndGlobal
